{
  "name": "firebase-utilities",
  "version": "1.0.0",
  "lockfileVersion": 1,
  "requires": true,
  "dependencies": {
    "@types/dotenv": {
      "version": "4.0.2",
      "resolved": "https://registry.npmjs.org/@types/dotenv/-/dotenv-4.0.2.tgz",
      "integrity": "sha512-09zBCDj0mcjBg+U56ldpA95d4zuZxQahtOp+UYiRTYuF7QO7hZwFepg7VtfjjxzBhrONoQ8fTUCYSgqDNZQJ9Q==",
      "dev": true,
      "requires": {
        "@types/node": "9.4.6"
      }
    },
    "@types/node": {
      "version": "9.4.6",
      "resolved": "https://registry.npmjs.org/@types/node/-/node-9.4.6.tgz",
      "integrity": "sha512-CTUtLb6WqCCgp6P59QintjHWqzf4VL1uPA27bipLAPxFqrtK1gEYllePzTICGqQ8rYsCbpnsNypXjjDzGAAjEQ==",
      "dev": true
    },
    "dotenv": {
      "version": "5.0.1",
      "resolved": "https://registry.npmjs.org/dotenv/-/dotenv-5.0.1.tgz",
      "integrity": "sha512-4As8uPrjfwb7VXC+WnLCbXK7y+Ueb2B3zgNCePYfhxS1PYeaO1YTeplffTEcbfLhvFNGLAz90VvJs9yomG7bow=="
    }
  }
}
